
Microsoft Visual Studio Solution File, Format Version 12.00
# Visual Studio Version 17
VisualStudioVersion = 17.14.36301.6
MinimumVisualStudioVersion = 10.0.40219.1
Project("{2150E333-8FDC-42A3-9474-1A3956D46DE8}") = "services", "services", "{02EA681E-C7D8-13C7-8484-4AC65E1B71E8}"
EndProject
Project("{2150E333-8FDC-42A3-9474-1A3956D46DE8}") = "JourneyService", "JourneyService", "{B7407302-ED8B-4763-9A7E-2ACEFE34BC6C}"
EndProject
Project("{2150E333-8FDC-42A3-9474-1A3956D46DE8}") = "RewardService", "RewardService", "{73C77E47-20F8-4E69-B03C-FBC735C717CC}"
EndProject
Project("{FAE04EC0-301F-11D3-BF4B-00C04F79EFBC}") = "Journey.API", "services\JourneyService\Journey.API\Journey.API.csproj", "{61A5A82D-DC15-2B1F-C310-3CA610D55F98}"
EndProject
Project("{FAE04EC0-301F-11D3-BF4B-00C04F79EFBC}") = "Journey.Application", "services\JourneyService\Journey.Application\Journey.Application.csproj", "{96D9C054-9727-90AC-2A35-5B7750576A8F}"
EndProject
Project("{FAE04EC0-301F-11D3-BF4B-00C04F79EFBC}") = "Reward.Worker", "services\RewardService\Reward.Worker\Reward.Worker.csproj", "{301E1C04-6AA4-1A5F-9B6F-9B5B4C863F9B}"
EndProject
Project("{FAE04EC0-301F-11D3-BF4B-00C04F79EFBC}") = "Journey.Domain", "services\JourneyService\Journey.Domain\Journey.Domain.csproj", "{9A4257A7-D712-7581-0FE3-0D0D6957DB14}"
EndProject
Project("{FAE04EC0-301F-11D3-BF4B-00C04F79EFBC}") = "Journey.Infrastructure", "services\JourneyService\Journey.Infrastructure\Journey.Infrastructure.csproj", "{F559BC28-5259-B214-6DD3-FE7D77591B51}"
EndProject
Project("{FAE04EC0-301F-11D3-BF4B-00C04F79EFBC}") = "Reward.Application", "services\RewardService\Reward.Application\Reward.Application.csproj", "{7ED012AD-22EA-2502-00CD-DD16DDFDB02B}"
EndProject
Project("{FAE04EC0-301F-11D3-BF4B-00C04F79EFBC}") = "Reward.Domain", "services\RewardService\Reward.Domain\Reward.Domain.csproj", "{70835528-1C82-2A85-E3D5-D3B24A3BE23D}"
EndProject
Project("{FAE04EC0-301F-11D3-BF4B-00C04F79EFBC}") = "Reward.Infrastructure", "services\RewardService\Reward.Infrastructure\Reward.Infrastructure.csproj", "{0F39A730-FED0-158F-B7F0-127A84ADD4AE}"
EndProject
Global
	GlobalSection(SolutionConfigurationPlatforms) = preSolution
		Debug|Any CPU = Debug|Any CPU
		Release|Any CPU = Release|Any CPU
	EndGlobalSection
	GlobalSection(ProjectConfigurationPlatforms) = postSolution
		{61A5A82D-DC15-2B1F-C310-3CA610D55F98}.Debug|Any CPU.ActiveCfg = Debug|Any CPU
		{61A5A82D-DC15-2B1F-C310-3CA610D55F98}.Debug|Any CPU.Build.0 = Debug|Any CPU
		{61A5A82D-DC15-2B1F-C310-3CA610D55F98}.Release|Any CPU.ActiveCfg = Release|Any CPU
		{61A5A82D-DC15-2B1F-C310-3CA610D55F98}.Release|Any CPU.Build.0 = Release|Any CPU
		{96D9C054-9727-90AC-2A35-5B7750576A8F}.Debug|Any CPU.ActiveCfg = Debug|Any CPU
		{96D9C054-9727-90AC-2A35-5B7750576A8F}.Debug|Any CPU.Build.0 = Debug|Any CPU
		{96D9C054-9727-90AC-2A35-5B7750576A8F}.Release|Any CPU.ActiveCfg = Release|Any CPU
		{96D9C054-9727-90AC-2A35-5B7750576A8F}.Release|Any CPU.Build.0 = Release|Any CPU
		{301E1C04-6AA4-1A5F-9B6F-9B5B4C863F9B}.Debug|Any CPU.ActiveCfg = Debug|Any CPU
		{301E1C04-6AA4-1A5F-9B6F-9B5B4C863F9B}.Debug|Any CPU.Build.0 = Debug|Any CPU
		{301E1C04-6AA4-1A5F-9B6F-9B5B4C863F9B}.Release|Any CPU.ActiveCfg = Release|Any CPU
		{301E1C04-6AA4-1A5F-9B6F-9B5B4C863F9B}.Release|Any CPU.Build.0 = Release|Any CPU
		{9A4257A7-D712-7581-0FE3-0D0D6957DB14}.Debug|Any CPU.ActiveCfg = Debug|Any CPU
		{9A4257A7-D712-7581-0FE3-0D0D6957DB14}.Debug|Any CPU.Build.0 = Debug|Any CPU
		{9A4257A7-D712-7581-0FE3-0D0D6957DB14}.Release|Any CPU.ActiveCfg = Release|Any CPU
		{9A4257A7-D712-7581-0FE3-0D0D6957DB14}.Release|Any CPU.Build.0 = Release|Any CPU
		{F559BC28-5259-B214-6DD3-FE7D77591B51}.Debug|Any CPU.ActiveCfg = Debug|Any CPU
		{F559BC28-5259-B214-6DD3-FE7D77591B51}.Debug|Any CPU.Build.0 = Debug|Any CPU
		{F559BC28-5259-B214-6DD3-FE7D77591B51}.Release|Any CPU.ActiveCfg = Release|Any CPU
		{F559BC28-5259-B214-6DD3-FE7D77591B51}.Release|Any CPU.Build.0 = Release|Any CPU
		{7ED012AD-22EA-2502-00CD-DD16DDFDB02B}.Debug|Any CPU.ActiveCfg = Debug|Any CPU
		{7ED012AD-22EA-2502-00CD-DD16DDFDB02B}.Debug|Any CPU.Build.0 = Debug|Any CPU
		{7ED012AD-22EA-2502-00CD-DD16DDFDB02B}.Release|Any CPU.ActiveCfg = Release|Any CPU
		{7ED012AD-22EA-2502-00CD-DD16DDFDB02B}.Release|Any CPU.Build.0 = Release|Any CPU
		{70835528-1C82-2A85-E3D5-D3B24A3BE23D}.Debug|Any CPU.ActiveCfg = Debug|Any CPU
		{70835528-1C82-2A85-E3D5-D3B24A3BE23D}.Debug|Any CPU.Build.0 = Debug|Any CPU
		{70835528-1C82-2A85-E3D5-D3B24A3BE23D}.Release|Any CPU.ActiveCfg = Release|Any CPU
		{70835528-1C82-2A85-E3D5-D3B24A3BE23D}.Release|Any CPU.Build.0 = Release|Any CPU
		{0F39A730-FED0-158F-B7F0-127A84ADD4AE}.Debug|Any CPU.ActiveCfg = Debug|Any CPU
		{0F39A730-FED0-158F-B7F0-127A84ADD4AE}.Debug|Any CPU.Build.0 = Debug|Any CPU
		{0F39A730-FED0-158F-B7F0-127A84ADD4AE}.Release|Any CPU.ActiveCfg = Release|Any CPU
		{0F39A730-FED0-158F-B7F0-127A84ADD4AE}.Release|Any CPU.Build.0 = Release|Any CPU
	EndGlobalSection
	GlobalSection(SolutionProperties) = preSolution
		HideSolutionNode = FALSE
	EndGlobalSection
	GlobalSection(NestedProjects) = preSolution
		{B7407302-ED8B-4763-9A7E-2ACEFE34BC6C} = {02EA681E-C7D8-13C7-8484-4AC65E1B71E8}
		{73C77E47-20F8-4E69-B03C-FBC735C717CC} = {02EA681E-C7D8-13C7-8484-4AC65E1B71E8}
		{61A5A82D-DC15-2B1F-C310-3CA610D55F98} = {B7407302-ED8B-4763-9A7E-2ACEFE34BC6C}
		{96D9C054-9727-90AC-2A35-5B7750576A8F} = {B7407302-ED8B-4763-9A7E-2ACEFE34BC6C}
		{301E1C04-6AA4-1A5F-9B6F-9B5B4C863F9B} = {73C77E47-20F8-4E69-B03C-FBC735C717CC}
		{9A4257A7-D712-7581-0FE3-0D0D6957DB14} = {B7407302-ED8B-4763-9A7E-2ACEFE34BC6C}
		{F559BC28-5259-B214-6DD3-FE7D77591B51} = {B7407302-ED8B-4763-9A7E-2ACEFE34BC6C}
		{7ED012AD-22EA-2502-00CD-DD16DDFDB02B} = {73C77E47-20F8-4E69-B03C-FBC735C717CC}
		{70835528-1C82-2A85-E3D5-D3B24A3BE23D} = {73C77E47-20F8-4E69-B03C-FBC735C717CC}
		{0F39A730-FED0-158F-B7F0-127A84ADD4AE} = {73C77E47-20F8-4E69-B03C-FBC735C717CC}
	EndGlobalSection
	GlobalSection(ExtensibilityGlobals) = postSolution
		SolutionGuid = {2E654D07-E94B-4077-8AAD-120FF726D596}
	EndGlobalSection
EndGlobal
